
Microsoft Visual Studio Solution File, Format Version 12.00
# Visual Studio Version 17
VisualStudioVersion = 17.1.32421.90
MinimumVisualStudioVersion = 10.0.40219.1
Project("{E24C65DC-7377-472B-9ABA-BC803B73C61A}") = "CliniCoimbra - v2", ".", "{69B6248F-3E1F-4510-8BA0-D4D26AC49E6B}"
	ProjectSection(WebsiteProperties) = preProject
		TargetFrameworkMoniker = ".NETFramework,Version%3Dv4.8"
		Debug.AspNetCompiler.VirtualPath = "/localhost_62498"
		Debug.AspNetCompiler.PhysicalPath = "..\CliniCoimbra\"
		Debug.AspNetCompiler.TargetPath = "PrecompiledWeb\localhost_62498\"
		Debug.AspNetCompiler.Updateable = "true"
		Debug.AspNetCompiler.ForceOverwrite = "true"
		Debug.AspNetCompiler.FixedNames = "false"
		Debug.AspNetCompiler.Debug = "True"
		Release.AspNetCompiler.VirtualPath = "/localhost_62498"
		Release.AspNetCompiler.PhysicalPath = "..\CliniCoimbra\"
		Release.AspNetCompiler.TargetPath = "PrecompiledWeb\localhost_62498\"
		Release.AspNetCompiler.Updateable = "true"
		Release.AspNetCompiler.ForceOverwrite = "true"
		Release.AspNetCompiler.FixedNames = "false"
		Release.AspNetCompiler.Debug = "False"
		VWDPort = "62498"
		SlnRelativePath = "..\CliniCoimbra\"
	EndProjectSection
EndProject
Global
	GlobalSection(SolutionConfigurationPlatforms) = preSolution
		Debug|Any CPU = Debug|Any CPU
	EndGlobalSection
	GlobalSection(ProjectConfigurationPlatforms) = postSolution
		{69B6248F-3E1F-4510-8BA0-D4D26AC49E6B}.Debug|Any CPU.ActiveCfg = Debug|Any CPU
		{69B6248F-3E1F-4510-8BA0-D4D26AC49E6B}.Debug|Any CPU.Build.0 = Debug|Any CPU
	EndGlobalSection
	GlobalSection(SolutionProperties) = preSolution
		HideSolutionNode = FALSE
	EndGlobalSection
	GlobalSection(ExtensibilityGlobals) = postSolution
		SolutionGuid = {8D22A6A7-8478-414A-9CB7-B7AE88F59415}
	EndGlobalSection
EndGlobal
